
Microsoft Visual Studio Solution File, Format Version 12.00
# Visual Studio Version 16
VisualStudioVersion = 16.0.31019.35
MinimumVisualStudioVersion = 10.0.40219.1
Project("{8BC9CEB8-8B4A-11D0-8D11-00A0C91BC942}") = "Lab05Ass", "Lab05Ass.vcxproj", "{C0BA1DA6-AE64-41FB-BC1E-9D6A51DB9B4F}"
EndProject
Global
	GlobalSection(SolutionConfigurationPlatforms) = preSolution
		Debug|x64 = Debug|x64
		Debug|x86 = Debug|x86
		Release|x64 = Release|x64
		Release|x86 = Release|x86
	EndGlobalSection
	GlobalSection(ProjectConfigurationPlatforms) = postSolution
		{C0BA1DA6-AE64-41FB-BC1E-9D6A51DB9B4F}.Debug|x64.ActiveCfg = Debug|x64
		{C0BA1DA6-AE64-41FB-BC1E-9D6A51DB9B4F}.Debug|x64.Build.0 = Debug|x64
		{C0BA1DA6-AE64-41FB-BC1E-9D6A51DB9B4F}.Debug|x86.ActiveCfg = Debug|Win32
		{C0BA1DA6-AE64-41FB-BC1E-9D6A51DB9B4F}.Debug|x86.Build.0 = Debug|Win32
		{C0BA1DA6-AE64-41FB-BC1E-9D6A51DB9B4F}.Release|x64.ActiveCfg = Release|x64
		{C0BA1DA6-AE64-41FB-BC1E-9D6A51DB9B4F}.Release|x64.Build.0 = Release|x64
		{C0BA1DA6-AE64-41FB-BC1E-9D6A51DB9B4F}.Release|x86.ActiveCfg = Release|Win32
		{C0BA1DA6-AE64-41FB-BC1E-9D6A51DB9B4F}.Release|x86.Build.0 = Release|Win32
	EndGlobalSection
	GlobalSection(SolutionProperties) = preSolution
		HideSolutionNode = FALSE
	EndGlobalSection
	GlobalSection(ExtensibilityGlobals) = postSolution
		SolutionGuid = {27F043D7-991F-478F-A76F-5C65DD2776AC}
	EndGlobalSection
EndGlobal
